// !$*UTF8*$!
{
	archiveVersion = 1;
	classes = {
	};
	objectVersion = 48;
	objects = {

/* Begin PBXBuildFile section */
		1B3E523F2034191200436FAD /* AppDelegate.m in Sources */ = {isa = PBXBuildFile; fileRef = 1B3E523E2034191200436FAD /* AppDelegate.m */; };
		1B3E52452034191200436FAD /* Main.storyboard in Resources */ = {isa = PBXBuildFile; fileRef = 1B3E52432034191200436FAD /* Main.storyboard */; };
		1B3E52472034191200436FAD /* Assets.xcassets in Resources */ = {isa = PBXBuildFile; fileRef = 1B3E52462034191200436FAD /* Assets.xcassets */; };
		1B3E524A2034191200436FAD /* LaunchScreen.storyboard in Resources */ = {isa = PBXBuildFile; fileRef = 1B3E52482034191200436FAD /* LaunchScreen.storyboard */; };
		1B3E524D2034191200436FAD /* main.m in Sources */ = {isa = PBXBuildFile; fileRef = 1B3E524C2034191200436FAD /* main.m */; };
		1B3E525B2034197200436FAD /* Shader.vsh in Resources */ = {isa = PBXBuildFile; fileRef = 1B3E52532034197100436FAD /* Shader.vsh */; };
		1B3E525C2034197200436FAD /* Shader.fsh in Resources */ = {isa = PBXBuildFile; fileRef = 1B3E52542034197100436FAD /* Shader.fsh */; };
		1B3E525D2034197200436FAD /* GLESRenderer.cpp in Sources */ = {isa = PBXBuildFile; fileRef = 1B3E52552034197100436FAD /* GLESRenderer.cpp */; };
		1B3E525E2034197200436FAD /* Renderer.mm in Sources */ = {isa = PBXBuildFile; fileRef = 1B3E52562034197200436FAD /* Renderer.mm */; };
		1B3E525F2034197200436FAD /* ViewController.m in Sources */ = {isa = PBXBuildFile; fileRef = 1B3E52592034197200436FAD /* ViewController.m */; };
/* End PBXBuildFile section */

/* Begin PBXFileReference section */
		1B3E523A2034191200436FAD /* Cube.app */ = {isa = PBXFileReference; explicitFileType = wrapper.application; includeInIndex = 0; path = Cube.app; sourceTree = BUILT_PRODUCTS_DIR; };
		1B3E523D2034191200436FAD /* AppDelegate.h */ = {isa = PBXFileReference; lastKnownFileType = sourcecode.c.h; path = AppDelegate.h; sourceTree = "<group>"; };
		1B3E523E2034191200436FAD /* AppDelegate.m */ = {isa = PBXFileReference; lastKnownFileType = sourcecode.c.objc; path = AppDelegate.m; sourceTree = "<group>"; };
		1B3E52442034191200436FAD /* Base */ = {isa = PBXFileReference; lastKnownFileType = file.storyboard; name = Base; path = Base.lproj/Main.storyboard; sourceTree = "<group>"; };
		1B3E52462034191200436FAD /* Assets.xcassets */ = {isa = PBXFileReference; lastKnownFileType = folder.assetcatalog; path = Assets.xcassets; sourceTree = "<group>"; };
		1B3E52492034191200436FAD /* Base */ = {isa = PBXFileReference; lastKnownFileType = file.storyboard; name = Base; path = Base.lproj/LaunchScreen.storyboard; sourceTree = "<group>"; };
		1B3E524B2034191200436FAD /* Info.plist */ = {isa = PBXFileReference; lastKnownFileType = text.plist.xml; path = Info.plist; sourceTree = "<group>"; };
		1B3E524C2034191200436FAD /* main.m */ = {isa = PBXFileReference; lastKnownFileType = sourcecode.c.objc; path = main.m; sourceTree = "<group>"; };
		1B3E52532034197100436FAD /* Shader.vsh */ = {isa = PBXFileReference; fileEncoding = 4; lastKnownFileType = sourcecode.glsl; name = Shader.vsh; path = ../../_2rotatingcube/Shader.vsh; sourceTree = "<group>"; };
		1B3E52542034197100436FAD /* Shader.fsh */ = {isa = PBXFileReference; fileEncoding = 4; lastKnownFileType = sourcecode.glsl; name = Shader.fsh; path = ../../_2rotatingcube/Shader.fsh; sourceTree = "<group>"; };
		1B3E52552034197100436FAD /* GLESRenderer.cpp */ = {isa = PBXFileReference; fileEncoding = 4; lastKnownFileType = sourcecode.cpp.cpp; name = GLESRenderer.cpp; path = ../../_2rotatingcube/GLESRenderer.cpp; sourceTree = "<group>"; };
		1B3E52562034197200436FAD /* Renderer.mm */ = {isa = PBXFileReference; fileEncoding = 4; lastKnownFileType = sourcecode.cpp.objcpp; name = Renderer.mm; path = ../../_2rotatingcube/Renderer.mm; sourceTree = "<group>"; };
		1B3E52572034197200436FAD /* Renderer.h */ = {isa = PBXFileReference; fileEncoding = 4; lastKnownFileType = sourcecode.c.h; name = Renderer.h; path = ../../_2rotatingcube/Renderer.h; sourceTree = "<group>"; };
		1B3E52582034197200436FAD /* GLESRenderer.hpp */ = {isa = PBXFileReference; fileEncoding = 4; lastKnownFileType = sourcecode.cpp.h; name = GLESRenderer.hpp; path = ../../_2rotatingcube/GLESRenderer.hpp; sourceTree = "<group>"; };
		1B3E52592034197200436FAD /* ViewController.m */ = {isa = PBXFileReference; fileEncoding = 4; lastKnownFileType = sourcecode.c.objc; name = ViewController.m; path = ../../_2rotatingcube/ViewController.m; sourceTree = "<group>"; };
		1B3E525A2034197200436FAD /* ViewController.h */ = {isa = PBXFileReference; fileEncoding = 4; lastKnownFileType = sourcecode.c.h; name = ViewController.h; path = ../../_2rotatingcube/ViewController.h; sourceTree = "<group>"; };
/* End PBXFileReference section */

/* Begin PBXFrameworksBuildPhase section */
		1B3E52372034191200436FAD /* Frameworks */ = {
			isa = PBXFrameworksBuildPhase;
			buildActionMask = 2147483647;
			files = (
			);
			runOnlyForDeploymentPostprocessing = 0;
		};
/* End PBXFrameworksBuildPhase section */

/* Begin PBXGroup section */
		1B3E52312034191200436FAD = {
			isa = PBXGroup;
			children = (
				1B3E523C2034191200436FAD /* Cube */,
				1B3E523B2034191200436FAD /* Products */,
			);
			sourceTree = "<group>";
		};
		1B3E523B2034191200436FAD /* Products */ = {
			isa = PBXGroup;
			children = (
				1B3E523A2034191200436FAD /* Cube.app */,
			);
			name = Products;
			sourceTree = "<group>";
		};
		1B3E523C2034191200436FAD /* Cube */ = {
			isa = PBXGroup;
			children = (
				1B3E52552034197100436FAD /* GLESRenderer.cpp */,
				1B3E52582034197200436FAD /* GLESRenderer.hpp */,
				1B3E52572034197200436FAD /* Renderer.h */,
				1B3E52562034197200436FAD /* Renderer.mm */,
				1B3E52542034197100436FAD /* Shader.fsh */,
				1B3E52532034197100436FAD /* Shader.vsh */,
				1B3E525A2034197200436FAD /* ViewController.h */,
				1B3E52592034197200436FAD /* ViewController.m */,
				1B3E523D2034191200436FAD /* AppDelegate.h */,
				1B3E523E2034191200436FAD /* AppDelegate.m */,
				1B3E52432034191200436FAD /* Main.storyboard */,
				1B3E52462034191200436FAD /* Assets.xcassets */,
				1B3E52482034191200436FAD /* LaunchScreen.storyboard */,
				1B3E524B2034191200436FAD /* Info.plist */,
				1B3E524C2034191200436FAD /* main.m */,
			);
			path = Cube;
			sourceTree = "<group>";
		};
/* End PBXGroup section */

/* Begin PBXNativeTarget section */
		1B3E52392034191200436FAD /* Cube */ = {
			isa = PBXNativeTarget;
			buildConfigurationList = 1B3E52502034191200436FAD /* Build configuration list for PBXNativeTarget "Cube" */;
			buildPhases = (
				1B3E52362034191200436FAD /* Sources */,
				1B3E52372034191200436FAD /* Frameworks */,
				1B3E52382034191200436FAD /* Resources */,
			);
			buildRules = (
			);
			dependencies = (
			);
			name = Cube;
			productName = Cube;
			productReference = 1B3E523A2034191200436FAD /* Cube.app */;
			productType = "com.apple.product-type.application";
		};
/* End PBXNativeTarget section */

/* Begin PBXProject section */
		1B3E52322034191200436FAD /* Project object */ = {
			isa = PBXProject;
			attributes = {
				LastUpgradeCheck = 0920;
				ORGANIZATIONNAME = "BCIT Student";
				TargetAttributes = {
					1B3E52392034191200436FAD = {
						CreatedOnToolsVersion = 9.2;
						ProvisioningStyle = Automatic;
					};
				};
			};
			buildConfigurationList = 1B3E52352034191200436FAD /* Build configuration list for PBXProject "Cube" */;
			compatibilityVersion = "Xcode 8.0";
			developmentRegion = en;
			hasScannedForEncodings = 0;
			knownRegions = (
				en,
				Base,
			);
			mainGroup = 1B3E52312034191200436FAD;
			productRefGroup = 1B3E523B2034191200436FAD /* Products */;
			projectDirPath = "";
			projectRoot = "";
			targets = (
				1B3E52392034191200436FAD /* Cube */,
			);
		};
/* End PBXProject section */

/* Begin PBXResourcesBuildPhase section */
		1B3E52382034191200436FAD /* Resources */ = {
			isa = PBXResourcesBuildPhase;
			buildActionMask = 2147483647;
			files = (
				1B3E525B2034197200436FAD /* Shader.vsh in Resources */,
				1B3E524A2034191200436FAD /* LaunchScreen.storyboard in Resources */,
				1B3E52472034191200436FAD /* Assets.xcassets in Resources */,
				1B3E52452034191200436FAD /* Main.storyboard in Resources */,
				1B3E525C2034197200436FAD /* Shader.fsh in Resources */,
			);
			runOnlyForDeploymentPostprocessing = 0;
		};
/* End PBXResourcesBuildPhase section */

/* Begin PBXSourcesBuildPhase section */
		1B3E52362034191200436FAD /* Sources */ = {
			isa = PBXSourcesBuildPhase;
			buildActionMask = 2147483647;
			files = (
				1B3E525F2034197200436FAD /* ViewController.m in Sources */,
				1B3E525E2034197200436FAD /* Renderer.mm in Sources */,
				1B3E524D2034191200436FAD /* main.m in Sources */,
				1B3E523F2034191200436FAD /* AppDelegate.m in Sources */,
				1B3E525D2034197200436FAD /* GLESRenderer.cpp in Sources */,
			);
			runOnlyForDeploymentPostprocessing = 0;
		};
/* End PBXSourcesBuildPhase section */

/* Begin PBXVariantGroup section */
		1B3E52432034191200436FAD /* Main.storyboard */ = {
			isa = PBXVariantGroup;
			children = (
				1B3E52442034191200436FAD /* Base */,
			);
			name = Main.storyboard;
			sourceTree = "<group>";
		};
		1B3E52482034191200436FAD /* LaunchScreen.storyboard */ = {
			isa = PBXVariantGroup;
			children = (
				1B3E52492034191200436FAD /* Base */,
			);
			name = LaunchScreen.storyboard;
			sourceTree = "<group>";
		};
/* End PBXVariantGroup section */

/* Begin XCBuildConfiguration section */
		1B3E524E2034191200436FAD /* Debug */ = {
			isa = XCBuildConfiguration;
			buildSettings = {
				ALWAYS_SEARCH_USER_PATHS = NO;
				CLANG_ANALYZER_NONNULL = YES;
				CLANG_ANALYZER_NUMBER_OBJECT_CONVERSION = YES_AGGRESSIVE;
				CLANG_CXX_LANGUAGE_STANDARD = "gnu++14";
				CLANG_CXX_LIBRARY = "libc++";
				CLANG_ENABLE_MODULES = YES;
				CLANG_ENABLE_OBJC_ARC = YES;
				CLANG_WARN_BLOCK_CAPTURE_AUTORELEASING = YES;
				CLANG_WARN_BOOL_CONVERSION = YES;
				CLANG_WARN_COMMA = YES;
				CLANG_WARN_CONSTANT_CONVERSION = YES;
				CLANG_WARN_DIRECT_OBJC_ISA_USAGE = YES_ERROR;
				CLANG_WARN_DOCUMENTATION_COMMENTS = YES;
				CLANG_WARN_EMPTY_BODY = YES;
				CLANG_WARN_ENUM_CONVERSION = YES;
				CLANG_WARN_INFINITE_RECURSION = YES;
				CLANG_WARN_INT_CONVERSION = YES;
				CLANG_WARN_NON_LITERAL_NULL_CONVERSION = YES;
				CLANG_WARN_OBJC_LITERAL_CONVERSION = YES;
				CLANG_WARN_OBJC_ROOT_CLASS = YES_ERROR;
				CLANG_WARN_RANGE_LOOP_ANALYSIS = YES;
				CLANG_WARN_STRICT_PROTOTYPES = YES;
				CLANG_WARN_SUSPICIOUS_MOVE = YES;
				CLANG_WARN_UNGUARDED_AVAILABILITY = YES_AGGRESSIVE;
				CLANG_WARN_UNREACHABLE_CODE = YES;
				CLANG_WARN__DUPLICATE_METHOD_MATCH = YES;
				CODE_SIGN_IDENTITY = "iPhone Developer";
				COPY_PHASE_STRIP = NO;
				DEBUG_INFORMATION_FORMAT = dwarf;
				ENABLE_STRICT_OBJC_MSGSEND = YES;
				ENABLE_TESTABILITY = YES;
				GCC_C_LANGUAGE_STANDARD = gnu11;
				GCC_DYNAMIC_NO_PIC = NO;
				GCC_NO_COMMON_BLOCKS = YES;
				GCC_OPTIMIZATION_LEVEL = 0;
				GCC_PREPROCESSOR_DEFINITIONS = (
					"DEBUG=1",
					"$(inherited)",
				);
				GCC_WARN_64_TO_32_BIT_CONVERSION = YES;
				GCC_WARN_ABOUT_RETURN_TYPE = YES_ERROR;
				GCC_WARN_UNDECLARED_SELECTOR = YES;
				GCC_WARN_UNINITIALIZED_AUTOS = YES_AGGRESSIVE;
				GCC_WARN_UNUSED_FUNCTION = YES;
				GCC_WARN_UNUSED_VARIABLE = YES;
				IPHONEOS_DEPLOYMENT_TARGET = 11.2;
				MTL_ENABLE_DEBUG_INFO = YES;
				ONLY_ACTIVE_ARCH = YES;
				SDKROOT = iphoneos;
			};
			name = Debug;
		};
		1B3E524F2034191200436FAD /* Release */ = {
			isa = XCBuildConfiguration;
			buildSettings = {
				ALWAYS_SEARCH_USER_PATHS = NO;
				CLANG_ANALYZER_NONNULL = YES;
				CLANG_ANALYZER_NUMBER_OBJECT_CONVERSION = YES_AGGRESSIVE;
				CLANG_CXX_LANGUAGE_STANDARD = "gnu++14";
				CLANG_CXX_LIBRARY = "libc++";
				CLANG_ENABLE_MODULES = YES;
				CLANG_ENABLE_OBJC_ARC = YES;
				CLANG_WARN_BLOCK_CAPTURE_AUTORELEASING = YES;
				CLANG_WARN_BOOL_CONVERSION = YES;
				CLANG_WARN_COMMA = YES;
				CLANG_WARN_CONSTANT_CONVERSION = YES;
				CLANG_WARN_DIRECT_OBJC_ISA_USAGE = YES_ERROR;
				CLANG_WARN_DOCUMENTATION_COMMENTS = YES;
				CLANG_WARN_EMPTY_BODY = YES;
				CLANG_WARN_ENUM_CONVERSION = YES;
				CLANG_WARN_INFINITE_RECURSION = YES;
				CLANG_WARN_INT_CONVERSION = YES;
				CLANG_WARN_NON_LITERAL_NULL_CONVERSION = YES;
				CLANG_WARN_OBJC_LITERAL_CONVERSION = YES;
				CLANG_WARN_OBJC_ROOT_CLASS = YES_ERROR;
				CLANG_WARN_RANGE_LOOP_ANALYSIS = YES;
				CLANG_WARN_STRICT_PROTOTYPES = YES;
				CLANG_WARN_SUSPICIOUS_MOVE = YES;
				CLANG_WARN_UNGUARDED_AVAILABILITY = YES_AGGRESSIVE;
				CLANG_WARN_UNREACHABLE_CODE = YES;
				CLANG_WARN__DUPLICATE_METHOD_MATCH = YES;
				CODE_SIGN_IDENTITY = "iPhone Developer";
				COPY_PHASE_STRIP = NO;
				DEBUG_INFORMATION_FORMAT = "dwarf-with-dsym";
				ENABLE_NS_ASSERTIONS = NO;
				ENABLE_STRICT_OBJC_MSGSEND = YES;
				GCC_C_LANGUAGE_STANDARD = gnu11;
				GCC_NO_COMMON_BLOCKS = YES;
				GCC_WARN_64_TO_32_BIT_CONVERSION = YES;
				GCC_WARN_ABOUT_RETURN_TYPE = YES_ERROR;
				GCC_WARN_UNDECLARED_SELECTOR = YES;
				GCC_WARN_UNINITIALIZED_AUTOS = YES_AGGRESSIVE;
				GCC_WARN_UNUSED_FUNCTION = YES;
				GCC_WARN_UNUSED_VARIABLE = YES;
				IPHONEOS_DEPLOYMENT_TARGET = 11.2;
				MTL_ENABLE_DEBUG_INFO = NO;
				SDKROOT = iphoneos;
				VALIDATE_PRODUCT = YES;
			};
			name = Release;
		};
		1B3E52512034191200436FAD /* Debug */ = {
			isa = XCBuildConfiguration;
			buildSettings = {
				ASSETCATALOG_COMPILER_APPICON_NAME = AppIcon;
				CODE_SIGN_STYLE = Automatic;
				INFOPLIST_FILE = Cube/Info.plist;
				IPHONEOS_DEPLOYMENT_TARGET = 9.0;
				LD_RUNPATH_SEARCH_PATHS = "$(inherited) @executable_path/Frameworks";
				PRODUCT_BUNDLE_IDENTIFIER = BCIT.Cube;
				PRODUCT_NAME = "$(TARGET_NAME)";
				TARGETED_DEVICE_FAMILY = "1,2";
			};
			name = Debug;
		};
		1B3E52522034191200436FAD /* Release */ = {
			isa = XCBuildConfiguration;
			buildSettings = {
				ASSETCATALOG_COMPILER_APPICON_NAME = AppIcon;
				CODE_SIGN_STYLE = Automatic;
				INFOPLIST_FILE = Cube/Info.plist;
				IPHONEOS_DEPLOYMENT_TARGET = 9.0;
				LD_RUNPATH_SEARCH_PATHS = "$(inherited) @executable_path/Frameworks";
				PRODUCT_BUNDLE_IDENTIFIER = BCIT.Cube;
				PRODUCT_NAME = "$(TARGET_NAME)";
				TARGETED_DEVICE_FAMILY = "1,2";
			};
			name = Release;
		};
/* End XCBuildConfiguration section */

/* Begin XCConfigurationList section */
		1B3E52352034191200436FAD /* Build configuration list for PBXProject "Cube" */ = {
			isa = XCConfigurationList;
			buildConfigurations = (
				1B3E524E2034191200436FAD /* Debug */,
				1B3E524F2034191200436FAD /* Release */,
			);
			defaultConfigurationIsVisible = 0;
			defaultConfigurationName = Release;
		};
		1B3E52502034191200436FAD /* Build configuration list for PBXNativeTarget "Cube" */ = {
			isa = XCConfigurationList;
			buildConfigurations = (
				1B3E52512034191200436FAD /* Debug */,
				1B3E52522034191200436FAD /* Release */,
			);
			defaultConfigurationIsVisible = 0;
			defaultConfigurationName = Release;
		};
/* End XCConfigurationList section */
	};
	rootObject = 1B3E52322034191200436FAD /* Project object */;
}
